
Microsoft Visual Studio Solution File, Format Version 12.00
# Visual Studio Version 16
VisualStudioVersion = 16.0.30804.86
MinimumVisualStudioVersion = 10.0.40219.1
Project("{9A19103F-16F7-4668-BE54-9A1E7A4F7556}") = "MAS_Sserver", "MAS_Sserver\MAS_Sserver.csproj", "{C879125B-A343-4228-8A6C-A15281CEB654}"
EndProject
Global
	GlobalSection(SolutionConfigurationPlatforms) = preSolution
		Debug|Any CPU = Debug|Any CPU
		Release|Any CPU = Release|Any CPU
	EndGlobalSection
	GlobalSection(ProjectConfigurationPlatforms) = postSolution
		{C879125B-A343-4228-8A6C-A15281CEB654}.Debug|Any CPU.ActiveCfg = Release|Any CPU
		{C879125B-A343-4228-8A6C-A15281CEB654}.Debug|Any CPU.Build.0 = Release|Any CPU
		{C879125B-A343-4228-8A6C-A15281CEB654}.Release|Any CPU.ActiveCfg = Release|Any CPU
		{C879125B-A343-4228-8A6C-A15281CEB654}.Release|Any CPU.Build.0 = Release|Any CPU
	EndGlobalSection
	GlobalSection(SolutionProperties) = preSolution
		HideSolutionNode = FALSE
	EndGlobalSection
	GlobalSection(ExtensibilityGlobals) = postSolution
		SolutionGuid = {0AA4D56A-D1D9-4FB3-83AA-62BD5488E54D}
	EndGlobalSection
EndGlobal
